
Microsoft Visual Studio Solution File, Format Version 12.00
# Visual Studio Version 17
VisualStudioVersion = 17.9.34607.119
MinimumVisualStudioVersion = 10.0.40219.1
Project("{FAE04EC0-301F-11D3-BF4B-00C04F79EFBC}") = "Notepad", "Notepad\Notepad.csproj", "{EF80718D-7F16-4804-9EFE-411C4D54A8CF}"
EndProject
Global
	GlobalSection(SolutionConfigurationPlatforms) = preSolution
		Debug|Any CPU = Debug|Any CPU
		Release|Any CPU = Release|Any CPU
	EndGlobalSection
	GlobalSection(ProjectConfigurationPlatforms) = postSolution
		{EF80718D-7F16-4804-9EFE-411C4D54A8CF}.Debug|Any CPU.ActiveCfg = Debug|Any CPU
		{EF80718D-7F16-4804-9EFE-411C4D54A8CF}.Debug|Any CPU.Build.0 = Debug|Any CPU
		{EF80718D-7F16-4804-9EFE-411C4D54A8CF}.Release|Any CPU.ActiveCfg = Release|Any CPU
		{EF80718D-7F16-4804-9EFE-411C4D54A8CF}.Release|Any CPU.Build.0 = Release|Any CPU
	EndGlobalSection
	GlobalSection(SolutionProperties) = preSolution
		HideSolutionNode = FALSE
	EndGlobalSection
	GlobalSection(ExtensibilityGlobals) = postSolution
		SolutionGuid = {45998BBA-1DED-484E-9E98-AF2DB9EC0C9F}
	EndGlobalSection
EndGlobal
